// !$*UTF8*$!
{
	archiveVersion = 1;
	classes = {
	};
	objectVersion = 46;
	objects = {

/* Begin PBXBuildFile section */
		9397C0DA1DCE05A400BEDD95 /* main.m in Sources */ = {isa = PBXBuildFile; fileRef = 9397C0D91DCE05A400BEDD95 /* main.m */; };
		9397C0DD1DCE05A400BEDD95 /* AppDelegate.m in Sources */ = {isa = PBXBuildFile; fileRef = 9397C0DC1DCE05A400BEDD95 /* AppDelegate.m */; };
		9397C0E01DCE05A500BEDD95 /* ViewController.m in Sources */ = {isa = PBXBuildFile; fileRef = 9397C0DF1DCE05A500BEDD95 /* ViewController.m */; };
		9397C0E31DCE05A500BEDD95 /* Main.storyboard in Resources */ = {isa = PBXBuildFile; fileRef = 9397C0E11DCE05A500BEDD95 /* Main.storyboard */; };
		9397C0E51DCE05A500BEDD95 /* Assets.xcassets in Resources */ = {isa = PBXBuildFile; fileRef = 9397C0E41DCE05A500BEDD95 /* Assets.xcassets */; };
		9397C0E81DCE05A500BEDD95 /* LaunchScreen.storyboard in Resources */ = {isa = PBXBuildFile; fileRef = 9397C0E61DCE05A500BEDD95 /* LaunchScreen.storyboard */; };
/* End PBXBuildFile section */

/* Begin PBXFileReference section */
		9397C0D51DCE05A400BEDD95 /* NMTimesTable.app */ = {isa = PBXFileReference; explicitFileType = wrapper.application; includeInIndex = 0; path = NMTimesTable.app; sourceTree = BUILT_PRODUCTS_DIR; };
		9397C0D91DCE05A400BEDD95 /* main.m */ = {isa = PBXFileReference; lastKnownFileType = sourcecode.c.objc; path = main.m; sourceTree = "<group>"; };
		9397C0DB1DCE05A400BEDD95 /* AppDelegate.h */ = {isa = PBXFileReference; lastKnownFileType = sourcecode.c.h; path = AppDelegate.h; sourceTree = "<group>"; };
		9397C0DC1DCE05A400BEDD95 /* AppDelegate.m */ = {isa = PBXFileReference; lastKnownFileType = sourcecode.c.objc; path = AppDelegate.m; sourceTree = "<group>"; };
		9397C0DE1DCE05A400BEDD95 /* ViewController.h */ = {isa = PBXFileReference; lastKnownFileType = sourcecode.c.h; path = ViewController.h; sourceTree = "<group>"; };
		9397C0DF1DCE05A500BEDD95 /* ViewController.m */ = {isa = PBXFileReference; lastKnownFileType = sourcecode.c.objc; path = ViewController.m; sourceTree = "<group>"; };
		9397C0E21DCE05A500BEDD95 /* Base */ = {isa = PBXFileReference; lastKnownFileType = file.storyboard; name = Base; path = Base.lproj/Main.storyboard; sourceTree = "<group>"; };
		9397C0E41DCE05A500BEDD95 /* Assets.xcassets */ = {isa = PBXFileReference; lastKnownFileType = folder.assetcatalog; path = Assets.xcassets; sourceTree = "<group>"; };
		9397C0E71DCE05A500BEDD95 /* Base */ = {isa = PBXFileReference; lastKnownFileType = file.storyboard; name = Base; path = Base.lproj/LaunchScreen.storyboard; sourceTree = "<group>"; };
		9397C0E91DCE05A500BEDD95 /* Info.plist */ = {isa = PBXFileReference; lastKnownFileType = text.plist.xml; path = Info.plist; sourceTree = "<group>"; };
/* End PBXFileReference section */

/* Begin PBXFrameworksBuildPhase section */
		9397C0D21DCE05A400BEDD95 /* Frameworks */ = {
			isa = PBXFrameworksBuildPhase;
			buildActionMask = 2147483647;
			files = (
			);
			runOnlyForDeploymentPostprocessing = 0;
		};
/* End PBXFrameworksBuildPhase section */

/* Begin PBXGroup section */
		9397C0CC1DCE05A400BEDD95 = {
			isa = PBXGroup;
			children = (
				9397C0D71DCE05A400BEDD95 /* NMTimesTable */,
				9397C0D61DCE05A400BEDD95 /* Products */,
			);
			sourceTree = "<group>";
		};
		9397C0D61DCE05A400BEDD95 /* Products */ = {
			isa = PBXGroup;
			children = (
				9397C0D51DCE05A400BEDD95 /* NMTimesTable.app */,
			);
			name = Products;
			sourceTree = "<group>";
		};
		9397C0D71DCE05A400BEDD95 /* NMTimesTable */ = {
			isa = PBXGroup;
			children = (
				9397C0DB1DCE05A400BEDD95 /* AppDelegate.h */,
				9397C0DC1DCE05A400BEDD95 /* AppDelegate.m */,
				9397C0DE1DCE05A400BEDD95 /* ViewController.h */,
				9397C0DF1DCE05A500BEDD95 /* ViewController.m */,
				9397C0E11DCE05A500BEDD95 /* Main.storyboard */,
				9397C0E41DCE05A500BEDD95 /* Assets.xcassets */,
				9397C0E61DCE05A500BEDD95 /* LaunchScreen.storyboard */,
				9397C0E91DCE05A500BEDD95 /* Info.plist */,
				9397C0D81DCE05A400BEDD95 /* Supporting Files */,
			);
			path = NMTimesTable;
			sourceTree = "<group>";
		};
		9397C0D81DCE05A400BEDD95 /* Supporting Files */ = {
			isa = PBXGroup;
			children = (
				9397C0D91DCE05A400BEDD95 /* main.m */,
			);
			name = "Supporting Files";
			sourceTree = "<group>";
		};
/* End PBXGroup section */

/* Begin PBXNativeTarget section */
		9397C0D41DCE05A400BEDD95 /* NMTimesTable */ = {
			isa = PBXNativeTarget;
			buildConfigurationList = 9397C0EC1DCE05A500BEDD95 /* Build configuration list for PBXNativeTarget "NMTimesTable" */;
			buildPhases = (
				9397C0D11DCE05A400BEDD95 /* Sources */,
				9397C0D21DCE05A400BEDD95 /* Frameworks */,
				9397C0D31DCE05A400BEDD95 /* Resources */,
			);
			buildRules = (
			);
			dependencies = (
			);
			name = NMTimesTable;
			productName = NMTimesTable;
			productReference = 9397C0D51DCE05A400BEDD95 /* NMTimesTable.app */;
			productType = "com.apple.product-type.application";
		};
/* End PBXNativeTarget section */

/* Begin PBXProject section */
		9397C0CD1DCE05A400BEDD95 /* Project object */ = {
			isa = PBXProject;
			attributes = {
				LastUpgradeCheck = 0730;
				ORGANIZATIONNAME = "Namrata Mahajan";
				TargetAttributes = {
					9397C0D41DCE05A400BEDD95 = {
						CreatedOnToolsVersion = 7.3.1;
					};
				};
			};
			buildConfigurationList = 9397C0D01DCE05A400BEDD95 /* Build configuration list for PBXProject "NMTimesTable" */;
			compatibilityVersion = "Xcode 3.2";
			developmentRegion = English;
			hasScannedForEncodings = 0;
			knownRegions = (
				en,
				Base,
			);
			mainGroup = 9397C0CC1DCE05A400BEDD95;
			productRefGroup = 9397C0D61DCE05A400BEDD95 /* Products */;
			projectDirPath = "";
			projectRoot = "";
			targets = (
				9397C0D41DCE05A400BEDD95 /* NMTimesTable */,
			);
		};
/* End PBXProject section */

/* Begin PBXResourcesBuildPhase section */
		9397C0D31DCE05A400BEDD95 /* Resources */ = {
			isa = PBXResourcesBuildPhase;
			buildActionMask = 2147483647;
			files = (
				9397C0E81DCE05A500BEDD95 /* LaunchScreen.storyboard in Resources */,
				9397C0E51DCE05A500BEDD95 /* Assets.xcassets in Resources */,
				9397C0E31DCE05A500BEDD95 /* Main.storyboard in Resources */,
			);
			runOnlyForDeploymentPostprocessing = 0;
		};
/* End PBXResourcesBuildPhase section */

/* Begin PBXSourcesBuildPhase section */
		9397C0D11DCE05A400BEDD95 /* Sources */ = {
			isa = PBXSourcesBuildPhase;
			buildActionMask = 2147483647;
			files = (
				9397C0E01DCE05A500BEDD95 /* ViewController.m in Sources */,
				9397C0DD1DCE05A400BEDD95 /* AppDelegate.m in Sources */,
				9397C0DA1DCE05A400BEDD95 /* main.m in Sources */,
			);
			runOnlyForDeploymentPostprocessing = 0;
		};
/* End PBXSourcesBuildPhase section */

/* Begin PBXVariantGroup section */
		9397C0E11DCE05A500BEDD95 /* Main.storyboard */ = {
			isa = PBXVariantGroup;
			children = (
				9397C0E21DCE05A500BEDD95 /* Base */,
			);
			name = Main.storyboard;
			sourceTree = "<group>";
		};
		9397C0E61DCE05A500BEDD95 /* LaunchScreen.storyboard */ = {
			isa = PBXVariantGroup;
			children = (
				9397C0E71DCE05A500BEDD95 /* Base */,
			);
			name = LaunchScreen.storyboard;
			sourceTree = "<group>";
		};
/* End PBXVariantGroup section */

/* Begin XCBuildConfiguration section */
		9397C0EA1DCE05A500BEDD95 /* Debug */ = {
			isa = XCBuildConfiguration;
			buildSettings = {
				ALWAYS_SEARCH_USER_PATHS = NO;
				CLANG_ANALYZER_NONNULL = YES;
				CLANG_CXX_LANGUAGE_STANDARD = "gnu++0x";
				CLANG_CXX_LIBRARY = "libc++";
				CLANG_ENABLE_MODULES = YES;
				CLANG_ENABLE_OBJC_ARC = YES;
				CLANG_WARN_BOOL_CONVERSION = YES;
				CLANG_WARN_CONSTANT_CONVERSION = YES;
				CLANG_WARN_DIRECT_OBJC_ISA_USAGE = YES_ERROR;
				CLANG_WARN_EMPTY_BODY = YES;
				CLANG_WARN_ENUM_CONVERSION = YES;
				CLANG_WARN_INT_CONVERSION = YES;
				CLANG_WARN_OBJC_ROOT_CLASS = YES_ERROR;
				CLANG_WARN_UNREACHABLE_CODE = YES;
				CLANG_WARN__DUPLICATE_METHOD_MATCH = YES;
				"CODE_SIGN_IDENTITY[sdk=iphoneos*]" = "iPhone Developer";
				COPY_PHASE_STRIP = NO;
				DEBUG_INFORMATION_FORMAT = dwarf;
				ENABLE_STRICT_OBJC_MSGSEND = YES;
				ENABLE_TESTABILITY = YES;
				GCC_C_LANGUAGE_STANDARD = gnu99;
				GCC_DYNAMIC_NO_PIC = NO;
				GCC_NO_COMMON_BLOCKS = YES;
				GCC_OPTIMIZATION_LEVEL = 0;
				GCC_PREPROCESSOR_DEFINITIONS = (
					"DEBUG=1",
					"$(inherited)",
				);
				GCC_WARN_64_TO_32_BIT_CONVERSION = YES;
				GCC_WARN_ABOUT_RETURN_TYPE = YES_ERROR;
				GCC_WARN_UNDECLARED_SELECTOR = YES;
				GCC_WARN_UNINITIALIZED_AUTOS = YES_AGGRESSIVE;
				GCC_WARN_UNUSED_FUNCTION = YES;
				GCC_WARN_UNUSED_VARIABLE = YES;
				IPHONEOS_DEPLOYMENT_TARGET = 9.3;
				MTL_ENABLE_DEBUG_INFO = YES;
				ONLY_ACTIVE_ARCH = YES;
				SDKROOT = iphoneos;
				TARGETED_DEVICE_FAMILY = "1,2";
			};
			name = Debug;
		};
		9397C0EB1DCE05A500BEDD95 /* Release */ = {
			isa = XCBuildConfiguration;
			buildSettings = {
				ALWAYS_SEARCH_USER_PATHS = NO;
				CLANG_ANALYZER_NONNULL = YES;
				CLANG_CXX_LANGUAGE_STANDARD = "gnu++0x";
				CLANG_CXX_LIBRARY = "libc++";
				CLANG_ENABLE_MODULES = YES;
				CLANG_ENABLE_OBJC_ARC = YES;
				CLANG_WARN_BOOL_CONVERSION = YES;
				CLANG_WARN_CONSTANT_CONVERSION = YES;
				CLANG_WARN_DIRECT_OBJC_ISA_USAGE = YES_ERROR;
				CLANG_WARN_EMPTY_BODY = YES;
				CLANG_WARN_ENUM_CONVERSION = YES;
				CLANG_WARN_INT_CONVERSION = YES;
				CLANG_WARN_OBJC_ROOT_CLASS = YES_ERROR;
				CLANG_WARN_UNREACHABLE_CODE = YES;
				CLANG_WARN__DUPLICATE_METHOD_MATCH = YES;
				"CODE_SIGN_IDENTITY[sdk=iphoneos*]" = "iPhone Developer";
				COPY_PHASE_STRIP = NO;
				DEBUG_INFORMATION_FORMAT = "dwarf-with-dsym";
				ENABLE_NS_ASSERTIONS = NO;
				ENABLE_STRICT_OBJC_MSGSEND = YES;
				GCC_C_LANGUAGE_STANDARD = gnu99;
				GCC_NO_COMMON_BLOCKS = YES;
				GCC_WARN_64_TO_32_BIT_CONVERSION = YES;
				GCC_WARN_ABOUT_RETURN_TYPE = YES_ERROR;
				GCC_WARN_UNDECLARED_SELECTOR = YES;
				GCC_WARN_UNINITIALIZED_AUTOS = YES_AGGRESSIVE;
				GCC_WARN_UNUSED_FUNCTION = YES;
				GCC_WARN_UNUSED_VARIABLE = YES;
				IPHONEOS_DEPLOYMENT_TARGET = 9.3;
				MTL_ENABLE_DEBUG_INFO = NO;
				SDKROOT = iphoneos;
				TARGETED_DEVICE_FAMILY = "1,2";
				VALIDATE_PRODUCT = YES;
			};
			name = Release;
		};
		9397C0ED1DCE05A500BEDD95 /* Debug */ = {
			isa = XCBuildConfiguration;
			buildSettings = {
				ASSETCATALOG_COMPILER_APPICON_NAME = AppIcon;
				INFOPLIST_FILE = NMTimesTable/Info.plist;
				LD_RUNPATH_SEARCH_PATHS = "$(inherited) @executable_path/Frameworks";
				PRODUCT_BUNDLE_IDENTIFIER = com.Namrata.NMTimesTable;
				PRODUCT_NAME = "$(TARGET_NAME)";
			};
			name = Debug;
		};
		9397C0EE1DCE05A500BEDD95 /* Release */ = {
			isa = XCBuildConfiguration;
			buildSettings = {
				ASSETCATALOG_COMPILER_APPICON_NAME = AppIcon;
				INFOPLIST_FILE = NMTimesTable/Info.plist;
				LD_RUNPATH_SEARCH_PATHS = "$(inherited) @executable_path/Frameworks";
				PRODUCT_BUNDLE_IDENTIFIER = com.Namrata.NMTimesTable;
				PRODUCT_NAME = "$(TARGET_NAME)";
			};
			name = Release;
		};
/* End XCBuildConfiguration section */

/* Begin XCConfigurationList section */
		9397C0D01DCE05A400BEDD95 /* Build configuration list for PBXProject "NMTimesTable" */ = {
			isa = XCConfigurationList;
			buildConfigurations = (
				9397C0EA1DCE05A500BEDD95 /* Debug */,
				9397C0EB1DCE05A500BEDD95 /* Release */,
			);
			defaultConfigurationIsVisible = 0;
			defaultConfigurationName = Release;
		};
		9397C0EC1DCE05A500BEDD95 /* Build configuration list for PBXNativeTarget "NMTimesTable" */ = {
			isa = XCConfigurationList;
			buildConfigurations = (
				9397C0ED1DCE05A500BEDD95 /* Debug */,
				9397C0EE1DCE05A500BEDD95 /* Release */,
			);
			defaultConfigurationIsVisible = 0;
		};
/* End XCConfigurationList section */
	};
	rootObject = 9397C0CD1DCE05A400BEDD95 /* Project object */;
}
